// !$*UTF8*$!
{
	archiveVersion = 1;
	classes = {
	};
	objectVersion = 46;
	objects = {

/* Begin PBXBuildFile section */
		AA808F661CCF42C6005679D7 /* main.m in Sources */ = {isa = PBXBuildFile; fileRef = AA808F651CCF42C6005679D7 /* main.m */; };
		AA808F691CCF42C6005679D7 /* AppDelegate.m in Sources */ = {isa = PBXBuildFile; fileRef = AA808F681CCF42C6005679D7 /* AppDelegate.m */; };
		AA808F6C1CCF42C6005679D7 /* XY_ViewController.m in Sources */ = {isa = PBXBuildFile; fileRef = AA808F6B1CCF42C6005679D7 /* XY_ViewController.m */; };
		AA808F6F1CCF42C6005679D7 /* Main.storyboard in Resources */ = {isa = PBXBuildFile; fileRef = AA808F6D1CCF42C6005679D7 /* Main.storyboard */; };
		AA808F711CCF42C6005679D7 /* Assets.xcassets in Resources */ = {isa = PBXBuildFile; fileRef = AA808F701CCF42C6005679D7 /* Assets.xcassets */; };
		AA808F741CCF42C6005679D7 /* LaunchScreen.storyboard in Resources */ = {isa = PBXBuildFile; fileRef = AA808F721CCF42C6005679D7 /* LaunchScreen.storyboard */; };
		AA808F7F1CCF42C6005679D7 /* ______demoTests.m in Sources */ = {isa = PBXBuildFile; fileRef = AA808F7E1CCF42C6005679D7 /* ______demoTests.m */; };
		AA808F8A1CCF42C6005679D7 /* ______demoUITests.m in Sources */ = {isa = PBXBuildFile; fileRef = AA808F891CCF42C6005679D7 /* ______demoUITests.m */; };
		AA808FBA1CCF4438005679D7 /* AFHTTPSessionManager.m in Sources */ = {isa = PBXBuildFile; fileRef = AA808F991CCF4438005679D7 /* AFHTTPSessionManager.m */; };
		AA808FBB1CCF4438005679D7 /* AFNetworkReachabilityManager.m in Sources */ = {isa = PBXBuildFile; fileRef = AA808F9C1CCF4438005679D7 /* AFNetworkReachabilityManager.m */; };
		AA808FBC1CCF4438005679D7 /* AFSecurityPolicy.m in Sources */ = {isa = PBXBuildFile; fileRef = AA808F9E1CCF4438005679D7 /* AFSecurityPolicy.m */; };
		AA808FBD1CCF4438005679D7 /* AFURLRequestSerialization.m in Sources */ = {isa = PBXBuildFile; fileRef = AA808FA01CCF4438005679D7 /* AFURLRequestSerialization.m */; };
		AA808FBE1CCF4438005679D7 /* AFURLResponseSerialization.m in Sources */ = {isa = PBXBuildFile; fileRef = AA808FA21CCF4438005679D7 /* AFURLResponseSerialization.m */; };
		AA808FBF1CCF4438005679D7 /* AFURLSessionManager.m in Sources */ = {isa = PBXBuildFile; fileRef = AA808FA41CCF4438005679D7 /* AFURLSessionManager.m */; };
		AA808FC01CCF4438005679D7 /* AFAutoPurgingImageCache.m in Sources */ = {isa = PBXBuildFile; fileRef = AA808FA71CCF4438005679D7 /* AFAutoPurgingImageCache.m */; };
		AA808FC11CCF4438005679D7 /* AFImageDownloader.m in Sources */ = {isa = PBXBuildFile; fileRef = AA808FA91CCF4438005679D7 /* AFImageDownloader.m */; };
		AA808FC21CCF4438005679D7 /* AFNetworkActivityIndicatorManager.m in Sources */ = {isa = PBXBuildFile; fileRef = AA808FAB1CCF4438005679D7 /* AFNetworkActivityIndicatorManager.m */; };
		AA808FC31CCF4438005679D7 /* UIActivityIndicatorView+AFNetworking.m in Sources */ = {isa = PBXBuildFile; fileRef = AA808FAD1CCF4438005679D7 /* UIActivityIndicatorView+AFNetworking.m */; };
		AA808FC41CCF4438005679D7 /* UIButton+AFNetworking.m in Sources */ = {isa = PBXBuildFile; fileRef = AA808FAF1CCF4438005679D7 /* UIButton+AFNetworking.m */; };
		AA808FC51CCF4438005679D7 /* UIImageView+AFNetworking.m in Sources */ = {isa = PBXBuildFile; fileRef = AA808FB21CCF4438005679D7 /* UIImageView+AFNetworking.m */; };
		AA808FC61CCF4438005679D7 /* UIProgressView+AFNetworking.m in Sources */ = {isa = PBXBuildFile; fileRef = AA808FB51CCF4438005679D7 /* UIProgressView+AFNetworking.m */; };
		AA808FC71CCF4438005679D7 /* UIRefreshControl+AFNetworking.m in Sources */ = {isa = PBXBuildFile; fileRef = AA808FB71CCF4438005679D7 /* UIRefreshControl+AFNetworking.m */; };
		AA808FC81CCF4438005679D7 /* UIWebView+AFNetworking.m in Sources */ = {isa = PBXBuildFile; fileRef = AA808FB91CCF4438005679D7 /* UIWebView+AFNetworking.m */; };
		AA808FCC1CCF4440005679D7 /* XYNetworking.m in Sources */ = {isa = PBXBuildFile; fileRef = AA808FCB1CCF4440005679D7 /* XYNetworking.m */; };
		AA808FDC1CCF4654005679D7 /* CTAssetsPickerController.m in Sources */ = {isa = PBXBuildFile; fileRef = AA808FD51CCF4654005679D7 /* CTAssetsPickerController.m */; };
		AA808FDD1CCF4654005679D7 /* XY_BigPhotoViewController.m in Sources */ = {isa = PBXBuildFile; fileRef = AA808FD71CCF4654005679D7 /* XY_BigPhotoViewController.m */; };
		AA808FDE1CCF4654005679D7 /* XY_DisplayPhotosView.m in Sources */ = {isa = PBXBuildFile; fileRef = AA808FD91CCF4654005679D7 /* XY_DisplayPhotosView.m */; };
		AA808FDF1CCF4654005679D7 /* XY_ImageScrollView.m in Sources */ = {isa = PBXBuildFile; fileRef = AA808FDB1CCF4654005679D7 /* XY_ImageScrollView.m */; };
		AA808FE21CCF650E005679D7 /* XY_DisplayViewController.m in Sources */ = {isa = PBXBuildFile; fileRef = AA808FE11CCF650E005679D7 /* XY_DisplayViewController.m */; };
		AA8090011CCF6877005679D7 /* NSData+ImageContentType.m in Sources */ = {isa = PBXBuildFile; fileRef = AA808FE51CCF6877005679D7 /* NSData+ImageContentType.m */; };
		AA8090021CCF6877005679D7 /* SDImageCache.m in Sources */ = {isa = PBXBuildFile; fileRef = AA808FE71CCF6877005679D7 /* SDImageCache.m */; };
		AA8090031CCF6877005679D7 /* SDWebImageCompat.m in Sources */ = {isa = PBXBuildFile; fileRef = AA808FE91CCF6877005679D7 /* SDWebImageCompat.m */; };
		AA8090041CCF6877005679D7 /* SDWebImageDecoder.m in Sources */ = {isa = PBXBuildFile; fileRef = AA808FEB1CCF6877005679D7 /* SDWebImageDecoder.m */; };
		AA8090051CCF6877005679D7 /* SDWebImageDownloader.m in Sources */ = {isa = PBXBuildFile; fileRef = AA808FED1CCF6877005679D7 /* SDWebImageDownloader.m */; };
		AA8090061CCF6877005679D7 /* SDWebImageDownloaderOperation.m in Sources */ = {isa = PBXBuildFile; fileRef = AA808FEF1CCF6877005679D7 /* SDWebImageDownloaderOperation.m */; };
		AA8090071CCF6877005679D7 /* SDWebImageManager.m in Sources */ = {isa = PBXBuildFile; fileRef = AA808FF11CCF6877005679D7 /* SDWebImageManager.m */; };
		AA8090081CCF6877005679D7 /* SDWebImagePrefetcher.m in Sources */ = {isa = PBXBuildFile; fileRef = AA808FF41CCF6877005679D7 /* SDWebImagePrefetcher.m */; };
		AA8090091CCF6877005679D7 /* UIButton+WebCache.m in Sources */ = {isa = PBXBuildFile; fileRef = AA808FF61CCF6877005679D7 /* UIButton+WebCache.m */; };
		AA80900A1CCF6877005679D7 /* UIImage+GIF.m in Sources */ = {isa = PBXBuildFile; fileRef = AA808FF81CCF6877005679D7 /* UIImage+GIF.m */; };
		AA80900B1CCF6877005679D7 /* UIImage+MultiFormat.m in Sources */ = {isa = PBXBuildFile; fileRef = AA808FFA1CCF6877005679D7 /* UIImage+MultiFormat.m */; };
		AA80900C1CCF6877005679D7 /* UIImageView+HighlightedWebCache.m in Sources */ = {isa = PBXBuildFile; fileRef = AA808FFC1CCF6877005679D7 /* UIImageView+HighlightedWebCache.m */; };
		AA80900D1CCF6877005679D7 /* UIImageView+WebCache.m in Sources */ = {isa = PBXBuildFile; fileRef = AA808FFE1CCF6877005679D7 /* UIImageView+WebCache.m */; };
		AA80900E1CCF6877005679D7 /* UIView+WebCacheOperation.m in Sources */ = {isa = PBXBuildFile; fileRef = AA8090001CCF6877005679D7 /* UIView+WebCacheOperation.m */; };
/* End PBXBuildFile section */

/* Begin PBXContainerItemProxy section */
		AA808F7B1CCF42C6005679D7 /* PBXContainerItemProxy */ = {
			isa = PBXContainerItemProxy;
			containerPortal = AA808F591CCF42C6005679D7 /* Project object */;
			proxyType = 1;
			remoteGlobalIDString = AA808F601CCF42C6005679D7;
			remoteInfo = "多图单张上传demo";
		};
		AA808F861CCF42C6005679D7 /* PBXContainerItemProxy */ = {
			isa = PBXContainerItemProxy;
			containerPortal = AA808F591CCF42C6005679D7 /* Project object */;
			proxyType = 1;
			remoteGlobalIDString = AA808F601CCF42C6005679D7;
			remoteInfo = "多图单张上传demo";
		};
/* End PBXContainerItemProxy section */

/* Begin PBXFileReference section */
		AA808F611CCF42C6005679D7 /* 多图单张上传demo.app */ = {isa = PBXFileReference; explicitFileType = wrapper.application; includeInIndex = 0; path = "多图单张上传demo.app"; sourceTree = BUILT_PRODUCTS_DIR; };
		AA808F651CCF42C6005679D7 /* main.m */ = {isa = PBXFileReference; lastKnownFileType = sourcecode.c.objc; path = main.m; sourceTree = "<group>"; };
		AA808F671CCF42C6005679D7 /* AppDelegate.h */ = {isa = PBXFileReference; lastKnownFileType = sourcecode.c.h; path = AppDelegate.h; sourceTree = "<group>"; };
		AA808F681CCF42C6005679D7 /* AppDelegate.m */ = {isa = PBXFileReference; lastKnownFileType = sourcecode.c.objc; path = AppDelegate.m; sourceTree = "<group>"; };
		AA808F6A1CCF42C6005679D7 /* XY_ViewController.h */ = {isa = PBXFileReference; lastKnownFileType = sourcecode.c.h; path = XY_ViewController.h; sourceTree = "<group>"; };
		AA808F6B1CCF42C6005679D7 /* XY_ViewController.m */ = {isa = PBXFileReference; lastKnownFileType = sourcecode.c.objc; path = XY_ViewController.m; sourceTree = "<group>"; };
		AA808F6E1CCF42C6005679D7 /* Base */ = {isa = PBXFileReference; lastKnownFileType = file.storyboard; name = Base; path = Base.lproj/Main.storyboard; sourceTree = "<group>"; };
		AA808F701CCF42C6005679D7 /* Assets.xcassets */ = {isa = PBXFileReference; lastKnownFileType = folder.assetcatalog; path = Assets.xcassets; sourceTree = "<group>"; };
		AA808F731CCF42C6005679D7 /* Base */ = {isa = PBXFileReference; lastKnownFileType = file.storyboard; name = Base; path = Base.lproj/LaunchScreen.storyboard; sourceTree = "<group>"; };
		AA808F751CCF42C6005679D7 /* Info.plist */ = {isa = PBXFileReference; lastKnownFileType = text.plist.xml; path = Info.plist; sourceTree = "<group>"; };
		AA808F7A1CCF42C6005679D7 /* 多图单张上传demoTests.xctest */ = {isa = PBXFileReference; explicitFileType = wrapper.cfbundle; includeInIndex = 0; path = "多图单张上传demoTests.xctest"; sourceTree = BUILT_PRODUCTS_DIR; };
		AA808F7E1CCF42C6005679D7 /* ______demoTests.m */ = {isa = PBXFileReference; lastKnownFileType = sourcecode.c.objc; path = "______demoTests.m"; sourceTree = "<group>"; };
		AA808F801CCF42C6005679D7 /* Info.plist */ = {isa = PBXFileReference; lastKnownFileType = text.plist.xml; path = Info.plist; sourceTree = "<group>"; };
		AA808F851CCF42C6005679D7 /* 多图单张上传demoUITests.xctest */ = {isa = PBXFileReference; explicitFileType = wrapper.cfbundle; includeInIndex = 0; path = "多图单张上传demoUITests.xctest"; sourceTree = BUILT_PRODUCTS_DIR; };
		AA808F891CCF42C6005679D7 /* ______demoUITests.m */ = {isa = PBXFileReference; lastKnownFileType = sourcecode.c.objc; path = "______demoUITests.m"; sourceTree = "<group>"; };
		AA808F8B1CCF42C6005679D7 /* Info.plist */ = {isa = PBXFileReference; lastKnownFileType = text.plist.xml; path = Info.plist; sourceTree = "<group>"; };
		AA808F981CCF4438005679D7 /* AFHTTPSessionManager.h */ = {isa = PBXFileReference; fileEncoding = 4; lastKnownFileType = sourcecode.c.h; path = AFHTTPSessionManager.h; sourceTree = "<group>"; };
		AA808F991CCF4438005679D7 /* AFHTTPSessionManager.m */ = {isa = PBXFileReference; fileEncoding = 4; lastKnownFileType = sourcecode.c.objc; path = AFHTTPSessionManager.m; sourceTree = "<group>"; };
		AA808F9A1CCF4438005679D7 /* AFNetworking.h */ = {isa = PBXFileReference; fileEncoding = 4; lastKnownFileType = sourcecode.c.h; path = AFNetworking.h; sourceTree = "<group>"; };
		AA808F9B1CCF4438005679D7 /* AFNetworkReachabilityManager.h */ = {isa = PBXFileReference; fileEncoding = 4; lastKnownFileType = sourcecode.c.h; path = AFNetworkReachabilityManager.h; sourceTree = "<group>"; };
		AA808F9C1CCF4438005679D7 /* AFNetworkReachabilityManager.m */ = {isa = PBXFileReference; fileEncoding = 4; lastKnownFileType = sourcecode.c.objc; path = AFNetworkReachabilityManager.m; sourceTree = "<group>"; };
		AA808F9D1CCF4438005679D7 /* AFSecurityPolicy.h */ = {isa = PBXFileReference; fileEncoding = 4; lastKnownFileType = sourcecode.c.h; path = AFSecurityPolicy.h; sourceTree = "<group>"; };
		AA808F9E1CCF4438005679D7 /* AFSecurityPolicy.m */ = {isa = PBXFileReference; fileEncoding = 4; lastKnownFileType = sourcecode.c.objc; path = AFSecurityPolicy.m; sourceTree = "<group>"; };
		AA808F9F1CCF4438005679D7 /* AFURLRequestSerialization.h */ = {isa = PBXFileReference; fileEncoding = 4; lastKnownFileType = sourcecode.c.h; path = AFURLRequestSerialization.h; sourceTree = "<group>"; };
		AA808FA01CCF4438005679D7 /* AFURLRequestSerialization.m */ = {isa = PBXFileReference; fileEncoding = 4; lastKnownFileType = sourcecode.c.objc; path = AFURLRequestSerialization.m; sourceTree = "<group>"; };
		AA808FA11CCF4438005679D7 /* AFURLResponseSerialization.h */ = {isa = PBXFileReference; fileEncoding = 4; lastKnownFileType = sourcecode.c.h; path = AFURLResponseSerialization.h; sourceTree = "<group>"; };
		AA808FA21CCF4438005679D7 /* AFURLResponseSerialization.m */ = {isa = PBXFileReference; fileEncoding = 4; lastKnownFileType = sourcecode.c.objc; path = AFURLResponseSerialization.m; sourceTree = "<group>"; };
		AA808FA31CCF4438005679D7 /* AFURLSessionManager.h */ = {isa = PBXFileReference; fileEncoding = 4; lastKnownFileType = sourcecode.c.h; path = AFURLSessionManager.h; sourceTree = "<group>"; };
		AA808FA41CCF4438005679D7 /* AFURLSessionManager.m */ = {isa = PBXFileReference; fileEncoding = 4; lastKnownFileType = sourcecode.c.objc; path = AFURLSessionManager.m; sourceTree = "<group>"; };
		AA808FA61CCF4438005679D7 /* AFAutoPurgingImageCache.h */ = {isa = PBXFileReference; fileEncoding = 4; lastKnownFileType = sourcecode.c.h; path = AFAutoPurgingImageCache.h; sourceTree = "<group>"; };
		AA808FA71CCF4438005679D7 /* AFAutoPurgingImageCache.m */ = {isa = PBXFileReference; fileEncoding = 4; lastKnownFileType = sourcecode.c.objc; path = AFAutoPurgingImageCache.m; sourceTree = "<group>"; };
		AA808FA81CCF4438005679D7 /* AFImageDownloader.h */ = {isa = PBXFileReference; fileEncoding = 4; lastKnownFileType = sourcecode.c.h; path = AFImageDownloader.h; sourceTree = "<group>"; };
		AA808FA91CCF4438005679D7 /* AFImageDownloader.m */ = {isa = PBXFileReference; fileEncoding = 4; lastKnownFileType = sourcecode.c.objc; path = AFImageDownloader.m; sourceTree = "<group>"; };
		AA808FAA1CCF4438005679D7 /* AFNetworkActivityIndicatorManager.h */ = {isa = PBXFileReference; fileEncoding = 4; lastKnownFileType = sourcecode.c.h; path = AFNetworkActivityIndicatorManager.h; sourceTree = "<group>"; };
		AA808FAB1CCF4438005679D7 /* AFNetworkActivityIndicatorManager.m */ = {isa = PBXFileReference; fileEncoding = 4; lastKnownFileType = sourcecode.c.objc; path = AFNetworkActivityIndicatorManager.m; sourceTree = "<group>"; };
		AA808FAC1CCF4438005679D7 /* UIActivityIndicatorView+AFNetworking.h */ = {isa = PBXFileReference; fileEncoding = 4; lastKnownFileType = sourcecode.c.h; path = "UIActivityIndicatorView+AFNetworking.h"; sourceTree = "<group>"; };
		AA808FAD1CCF4438005679D7 /* UIActivityIndicatorView+AFNetworking.m */ = {isa = PBXFileReference; fileEncoding = 4; lastKnownFileType = sourcecode.c.objc; path = "UIActivityIndicatorView+AFNetworking.m"; sourceTree = "<group>"; };
		AA808FAE1CCF4438005679D7 /* UIButton+AFNetworking.h */ = {isa = PBXFileReference; fileEncoding = 4; lastKnownFileType = sourcecode.c.h; path = "UIButton+AFNetworking.h"; sourceTree = "<group>"; };
		AA808FAF1CCF4438005679D7 /* UIButton+AFNetworking.m */ = {isa = PBXFileReference; fileEncoding = 4; lastKnownFileType = sourcecode.c.objc; path = "UIButton+AFNetworking.m"; sourceTree = "<group>"; };
		AA808FB01CCF4438005679D7 /* UIImage+AFNetworking.h */ = {isa = PBXFileReference; fileEncoding = 4; lastKnownFileType = sourcecode.c.h; path = "UIImage+AFNetworking.h"; sourceTree = "<group>"; };
		AA808FB11CCF4438005679D7 /* UIImageView+AFNetworking.h */ = {isa = PBXFileReference; fileEncoding = 4; lastKnownFileType = sourcecode.c.h; path = "UIImageView+AFNetworking.h"; sourceTree = "<group>"; };
		AA808FB21CCF4438005679D7 /* UIImageView+AFNetworking.m */ = {isa = PBXFileReference; fileEncoding = 4; lastKnownFileType = sourcecode.c.objc; path = "UIImageView+AFNetworking.m"; sourceTree = "<group>"; };
		AA808FB31CCF4438005679D7 /* UIKit+AFNetworking.h */ = {isa = PBXFileReference; fileEncoding = 4; lastKnownFileType = sourcecode.c.h; path = "UIKit+AFNetworking.h"; sourceTree = "<group>"; };
		AA808FB41CCF4438005679D7 /* UIProgressView+AFNetworking.h */ = {isa = PBXFileReference; fileEncoding = 4; lastKnownFileType = sourcecode.c.h; path = "UIProgressView+AFNetworking.h"; sourceTree = "<group>"; };
		AA808FB51CCF4438005679D7 /* UIProgressView+AFNetworking.m */ = {isa = PBXFileReference; fileEncoding = 4; lastKnownFileType = sourcecode.c.objc; path = "UIProgressView+AFNetworking.m"; sourceTree = "<group>"; };
		AA808FB61CCF4438005679D7 /* UIRefreshControl+AFNetworking.h */ = {isa = PBXFileReference; fileEncoding = 4; lastKnownFileType = sourcecode.c.h; path = "UIRefreshControl+AFNetworking.h"; sourceTree = "<group>"; };
		AA808FB71CCF4438005679D7 /* UIRefreshControl+AFNetworking.m */ = {isa = PBXFileReference; fileEncoding = 4; lastKnownFileType = sourcecode.c.objc; path = "UIRefreshControl+AFNetworking.m"; sourceTree = "<group>"; };
		AA808FB81CCF4438005679D7 /* UIWebView+AFNetworking.h */ = {isa = PBXFileReference; fileEncoding = 4; lastKnownFileType = sourcecode.c.h; path = "UIWebView+AFNetworking.h"; sourceTree = "<group>"; };
		AA808FB91CCF4438005679D7 /* UIWebView+AFNetworking.m */ = {isa = PBXFileReference; fileEncoding = 4; lastKnownFileType = sourcecode.c.objc; path = "UIWebView+AFNetworking.m"; sourceTree = "<group>"; };
		AA808FCA1CCF4440005679D7 /* XYNetworking.h */ = {isa = PBXFileReference; fileEncoding = 4; lastKnownFileType = sourcecode.c.h; path = XYNetworking.h; sourceTree = "<group>"; };
		AA808FCB1CCF4440005679D7 /* XYNetworking.m */ = {isa = PBXFileReference; fileEncoding = 4; lastKnownFileType = sourcecode.c.objc; path = XYNetworking.m; sourceTree = "<group>"; };
		AA808FD41CCF4654005679D7 /* CTAssetsPickerController.h */ = {isa = PBXFileReference; fileEncoding = 4; lastKnownFileType = sourcecode.c.h; path = CTAssetsPickerController.h; sourceTree = "<group>"; };
		AA808FD51CCF4654005679D7 /* CTAssetsPickerController.m */ = {isa = PBXFileReference; fileEncoding = 4; lastKnownFileType = sourcecode.c.objc; path = CTAssetsPickerController.m; sourceTree = "<group>"; };
		AA808FD61CCF4654005679D7 /* XY_BigPhotoViewController.h */ = {isa = PBXFileReference; fileEncoding = 4; lastKnownFileType = sourcecode.c.h; path = XY_BigPhotoViewController.h; sourceTree = "<group>"; };
		AA808FD71CCF4654005679D7 /* XY_BigPhotoViewController.m */ = {isa = PBXFileReference; fileEncoding = 4; lastKnownFileType = sourcecode.c.objc; path = XY_BigPhotoViewController.m; sourceTree = "<group>"; };
		AA808FD81CCF4654005679D7 /* XY_DisplayPhotosView.h */ = {isa = PBXFileReference; fileEncoding = 4; lastKnownFileType = sourcecode.c.h; path = XY_DisplayPhotosView.h; sourceTree = "<group>"; };
		AA808FD91CCF4654005679D7 /* XY_DisplayPhotosView.m */ = {isa = PBXFileReference; fileEncoding = 4; lastKnownFileType = sourcecode.c.objc; path = XY_DisplayPhotosView.m; sourceTree = "<group>"; };
		AA808FDA1CCF4654005679D7 /* XY_ImageScrollView.h */ = {isa = PBXFileReference; fileEncoding = 4; lastKnownFileType = sourcecode.c.h; path = XY_ImageScrollView.h; sourceTree = "<group>"; };
		AA808FDB1CCF4654005679D7 /* XY_ImageScrollView.m */ = {isa = PBXFileReference; fileEncoding = 4; lastKnownFileType = sourcecode.c.objc; path = XY_ImageScrollView.m; sourceTree = "<group>"; };
		AA808FE01CCF650E005679D7 /* XY_DisplayViewController.h */ = {isa = PBXFileReference; fileEncoding = 4; lastKnownFileType = sourcecode.c.h; path = XY_DisplayViewController.h; sourceTree = "<group>"; };
		AA808FE11CCF650E005679D7 /* XY_DisplayViewController.m */ = {isa = PBXFileReference; fileEncoding = 4; lastKnownFileType = sourcecode.c.objc; path = XY_DisplayViewController.m; sourceTree = "<group>"; };
		AA808FE41CCF6877005679D7 /* NSData+ImageContentType.h */ = {isa = PBXFileReference; fileEncoding = 4; lastKnownFileType = sourcecode.c.h; path = "NSData+ImageContentType.h"; sourceTree = "<group>"; };
		AA808FE51CCF6877005679D7 /* NSData+ImageContentType.m */ = {isa = PBXFileReference; fileEncoding = 4; lastKnownFileType = sourcecode.c.objc; path = "NSData+ImageContentType.m"; sourceTree = "<group>"; };
		AA808FE61CCF6877005679D7 /* SDImageCache.h */ = {isa = PBXFileReference; fileEncoding = 4; lastKnownFileType = sourcecode.c.h; path = SDImageCache.h; sourceTree = "<group>"; };
		AA808FE71CCF6877005679D7 /* SDImageCache.m */ = {isa = PBXFileReference; fileEncoding = 4; lastKnownFileType = sourcecode.c.objc; path = SDImageCache.m; sourceTree = "<group>"; };
		AA808FE81CCF6877005679D7 /* SDWebImageCompat.h */ = {isa = PBXFileReference; fileEncoding = 4; lastKnownFileType = sourcecode.c.h; path = SDWebImageCompat.h; sourceTree = "<group>"; };
		AA808FE91CCF6877005679D7 /* SDWebImageCompat.m */ = {isa = PBXFileReference; fileEncoding = 4; lastKnownFileType = sourcecode.c.objc; path = SDWebImageCompat.m; sourceTree = "<group>"; };
		AA808FEA1CCF6877005679D7 /* SDWebImageDecoder.h */ = {isa = PBXFileReference; fileEncoding = 4; lastKnownFileType = sourcecode.c.h; path = SDWebImageDecoder.h; sourceTree = "<group>"; };
		AA808FEB1CCF6877005679D7 /* SDWebImageDecoder.m */ = {isa = PBXFileReference; fileEncoding = 4; lastKnownFileType = sourcecode.c.objc; path = SDWebImageDecoder.m; sourceTree = "<group>"; };
		AA808FEC1CCF6877005679D7 /* SDWebImageDownloader.h */ = {isa = PBXFileReference; fileEncoding = 4; lastKnownFileType = sourcecode.c.h; path = SDWebImageDownloader.h; sourceTree = "<group>"; };
		AA808FED1CCF6877005679D7 /* SDWebImageDownloader.m */ = {isa = PBXFileReference; fileEncoding = 4; lastKnownFileType = sourcecode.c.objc; path = SDWebImageDownloader.m; sourceTree = "<group>"; };
		AA808FEE1CCF6877005679D7 /* SDWebImageDownloaderOperation.h */ = {isa = PBXFileReference; fileEncoding = 4; lastKnownFileType = sourcecode.c.h; path = SDWebImageDownloaderOperation.h; sourceTree = "<group>"; };
		AA808FEF1CCF6877005679D7 /* SDWebImageDownloaderOperation.m */ = {isa = PBXFileReference; fileEncoding = 4; lastKnownFileType = sourcecode.c.objc; path = SDWebImageDownloaderOperation.m; sourceTree = "<group>"; };
		AA808FF01CCF6877005679D7 /* SDWebImageManager.h */ = {isa = PBXFileReference; fileEncoding = 4; lastKnownFileType = sourcecode.c.h; path = SDWebImageManager.h; sourceTree = "<group>"; };
		AA808FF11CCF6877005679D7 /* SDWebImageManager.m */ = {isa = PBXFileReference; fileEncoding = 4; lastKnownFileType = sourcecode.c.objc; path = SDWebImageManager.m; sourceTree = "<group>"; };
		AA808FF21CCF6877005679D7 /* SDWebImageOperation.h */ = {isa = PBXFileReference; fileEncoding = 4; lastKnownFileType = sourcecode.c.h; path = SDWebImageOperation.h; sourceTree = "<group>"; };
		AA808FF31CCF6877005679D7 /* SDWebImagePrefetcher.h */ = {isa = PBXFileReference; fileEncoding = 4; lastKnownFileType = sourcecode.c.h; path = SDWebImagePrefetcher.h; sourceTree = "<group>"; };
		AA808FF41CCF6877005679D7 /* SDWebImagePrefetcher.m */ = {isa = PBXFileReference; fileEncoding = 4; lastKnownFileType = sourcecode.c.objc; path = SDWebImagePrefetcher.m; sourceTree = "<group>"; };
		AA808FF51CCF6877005679D7 /* UIButton+WebCache.h */ = {isa = PBXFileReference; fileEncoding = 4; lastKnownFileType = sourcecode.c.h; path = "UIButton+WebCache.h"; sourceTree = "<group>"; };
		AA808FF61CCF6877005679D7 /* UIButton+WebCache.m */ = {isa = PBXFileReference; fileEncoding = 4; lastKnownFileType = sourcecode.c.objc; path = "UIButton+WebCache.m"; sourceTree = "<group>"; };
		AA808FF71CCF6877005679D7 /* UIImage+GIF.h */ = {isa = PBXFileReference; fileEncoding = 4; lastKnownFileType = sourcecode.c.h; path = "UIImage+GIF.h"; sourceTree = "<group>"; };
		AA808FF81CCF6877005679D7 /* UIImage+GIF.m */ = {isa = PBXFileReference; fileEncoding = 4; lastKnownFileType = sourcecode.c.objc; path = "UIImage+GIF.m"; sourceTree = "<group>"; };
		AA808FF91CCF6877005679D7 /* UIImage+MultiFormat.h */ = {isa = PBXFileReference; fileEncoding = 4; lastKnownFileType = sourcecode.c.h; path = "UIImage+MultiFormat.h"; sourceTree = "<group>"; };
		AA808FFA1CCF6877005679D7 /* UIImage+MultiFormat.m */ = {isa = PBXFileReference; fileEncoding = 4; lastKnownFileType = sourcecode.c.objc; path = "UIImage+MultiFormat.m"; sourceTree = "<group>"; };
		AA808FFB1CCF6877005679D7 /* UIImageView+HighlightedWebCache.h */ = {isa = PBXFileReference; fileEncoding = 4; lastKnownFileType = sourcecode.c.h; path = "UIImageView+HighlightedWebCache.h"; sourceTree = "<group>"; };
		AA808FFC1CCF6877005679D7 /* UIImageView+HighlightedWebCache.m */ = {isa = PBXFileReference; fileEncoding = 4; lastKnownFileType = sourcecode.c.objc; path = "UIImageView+HighlightedWebCache.m"; sourceTree = "<group>"; };
		AA808FFD1CCF6877005679D7 /* UIImageView+WebCache.h */ = {isa = PBXFileReference; fileEncoding = 4; lastKnownFileType = sourcecode.c.h; path = "UIImageView+WebCache.h"; sourceTree = "<group>"; };
		AA808FFE1CCF6877005679D7 /* UIImageView+WebCache.m */ = {isa = PBXFileReference; fileEncoding = 4; lastKnownFileType = sourcecode.c.objc; path = "UIImageView+WebCache.m"; sourceTree = "<group>"; };
		AA808FFF1CCF6877005679D7 /* UIView+WebCacheOperation.h */ = {isa = PBXFileReference; fileEncoding = 4; lastKnownFileType = sourcecode.c.h; path = "UIView+WebCacheOperation.h"; sourceTree = "<group>"; };
		AA8090001CCF6877005679D7 /* UIView+WebCacheOperation.m */ = {isa = PBXFileReference; fileEncoding = 4; lastKnownFileType = sourcecode.c.objc; path = "UIView+WebCacheOperation.m"; sourceTree = "<group>"; };
/* End PBXFileReference section */

/* Begin PBXFrameworksBuildPhase section */
		AA808F5E1CCF42C6005679D7 /* Frameworks */ = {
			isa = PBXFrameworksBuildPhase;
			buildActionMask = 2147483647;
			files = (
			);
			runOnlyForDeploymentPostprocessing = 0;
		};
		AA808F771CCF42C6005679D7 /* Frameworks */ = {
			isa = PBXFrameworksBuildPhase;
			buildActionMask = 2147483647;
			files = (
			);
			runOnlyForDeploymentPostprocessing = 0;
		};
		AA808F821CCF42C6005679D7 /* Frameworks */ = {
			isa = PBXFrameworksBuildPhase;
			buildActionMask = 2147483647;
			files = (
			);
			runOnlyForDeploymentPostprocessing = 0;
		};
/* End PBXFrameworksBuildPhase section */

/* Begin PBXGroup section */
		AA808F581CCF42C6005679D7 = {
			isa = PBXGroup;
			children = (
				AA808F631CCF42C6005679D7 /* 多图单张上传demo */,
				AA808F7D1CCF42C6005679D7 /* 多图单张上传demoTests */,
				AA808F881CCF42C6005679D7 /* 多图单张上传demoUITests */,
				AA808F621CCF42C6005679D7 /* Products */,
			);
			sourceTree = "<group>";
		};
		AA808F621CCF42C6005679D7 /* Products */ = {
			isa = PBXGroup;
			children = (
				AA808F611CCF42C6005679D7 /* 多图单张上传demo.app */,
				AA808F7A1CCF42C6005679D7 /* 多图单张上传demoTests.xctest */,
				AA808F851CCF42C6005679D7 /* 多图单张上传demoUITests.xctest */,
			);
			name = Products;
			sourceTree = "<group>";
		};
		AA808F631CCF42C6005679D7 /* 多图单张上传demo */ = {
			isa = PBXGroup;
			children = (
				AA808FE31CCF6877005679D7 /* SDWebImage */,
				AA808FD31CCF4654005679D7 /* DisplayPhoto */,
				AA808FC91CCF4440005679D7 /* XYNetworking */,
				AA808F971CCF4438005679D7 /* AFNetworking */,
				AA808F671CCF42C6005679D7 /* AppDelegate.h */,
				AA808F681CCF42C6005679D7 /* AppDelegate.m */,
				AA808F6A1CCF42C6005679D7 /* XY_ViewController.h */,
				AA808F6B1CCF42C6005679D7 /* XY_ViewController.m */,
				AA808FE01CCF650E005679D7 /* XY_DisplayViewController.h */,
				AA808FE11CCF650E005679D7 /* XY_DisplayViewController.m */,
				AA808F6D1CCF42C6005679D7 /* Main.storyboard */,
				AA808F701CCF42C6005679D7 /* Assets.xcassets */,
				AA808F721CCF42C6005679D7 /* LaunchScreen.storyboard */,
				AA808F751CCF42C6005679D7 /* Info.plist */,
				AA808F641CCF42C6005679D7 /* Supporting Files */,
			);
			path = "多图单张上传demo";
			sourceTree = "<group>";
		};
		AA808F641CCF42C6005679D7 /* Supporting Files */ = {
			isa = PBXGroup;
			children = (
				AA808F651CCF42C6005679D7 /* main.m */,
			);
			name = "Supporting Files";
			sourceTree = "<group>";
		};
		AA808F7D1CCF42C6005679D7 /* 多图单张上传demoTests */ = {
			isa = PBXGroup;
			children = (
				AA808F7E1CCF42C6005679D7 /* ______demoTests.m */,
				AA808F801CCF42C6005679D7 /* Info.plist */,
			);
			path = "多图单张上传demoTests";
			sourceTree = "<group>";
		};
		AA808F881CCF42C6005679D7 /* 多图单张上传demoUITests */ = {
			isa = PBXGroup;
			children = (
				AA808F891CCF42C6005679D7 /* ______demoUITests.m */,
				AA808F8B1CCF42C6005679D7 /* Info.plist */,
			);
			path = "多图单张上传demoUITests";
			sourceTree = "<group>";
		};
		AA808F971CCF4438005679D7 /* AFNetworking */ = {
			isa = PBXGroup;
			children = (
				AA808F981CCF4438005679D7 /* AFHTTPSessionManager.h */,
				AA808F991CCF4438005679D7 /* AFHTTPSessionManager.m */,
				AA808F9A1CCF4438005679D7 /* AFNetworking.h */,
				AA808F9B1CCF4438005679D7 /* AFNetworkReachabilityManager.h */,
				AA808F9C1CCF4438005679D7 /* AFNetworkReachabilityManager.m */,
				AA808F9D1CCF4438005679D7 /* AFSecurityPolicy.h */,
				AA808F9E1CCF4438005679D7 /* AFSecurityPolicy.m */,
				AA808F9F1CCF4438005679D7 /* AFURLRequestSerialization.h */,
				AA808FA01CCF4438005679D7 /* AFURLRequestSerialization.m */,
				AA808FA11CCF4438005679D7 /* AFURLResponseSerialization.h */,
				AA808FA21CCF4438005679D7 /* AFURLResponseSerialization.m */,
				AA808FA31CCF4438005679D7 /* AFURLSessionManager.h */,
				AA808FA41CCF4438005679D7 /* AFURLSessionManager.m */,
				AA808FA51CCF4438005679D7 /* UIKit+AFNetworking */,
			);
			path = AFNetworking;
			sourceTree = "<group>";
		};
		AA808FA51CCF4438005679D7 /* UIKit+AFNetworking */ = {
			isa = PBXGroup;
			children = (
				AA808FA61CCF4438005679D7 /* AFAutoPurgingImageCache.h */,
				AA808FA71CCF4438005679D7 /* AFAutoPurgingImageCache.m */,
				AA808FA81CCF4438005679D7 /* AFImageDownloader.h */,
				AA808FA91CCF4438005679D7 /* AFImageDownloader.m */,
				AA808FAA1CCF4438005679D7 /* AFNetworkActivityIndicatorManager.h */,
				AA808FAB1CCF4438005679D7 /* AFNetworkActivityIndicatorManager.m */,
				AA808FAC1CCF4438005679D7 /* UIActivityIndicatorView+AFNetworking.h */,
				AA808FAD1CCF4438005679D7 /* UIActivityIndicatorView+AFNetworking.m */,
				AA808FAE1CCF4438005679D7 /* UIButton+AFNetworking.h */,
				AA808FAF1CCF4438005679D7 /* UIButton+AFNetworking.m */,
				AA808FB01CCF4438005679D7 /* UIImage+AFNetworking.h */,
				AA808FB11CCF4438005679D7 /* UIImageView+AFNetworking.h */,
				AA808FB21CCF4438005679D7 /* UIImageView+AFNetworking.m */,
				AA808FB31CCF4438005679D7 /* UIKit+AFNetworking.h */,
				AA808FB41CCF4438005679D7 /* UIProgressView+AFNetworking.h */,
				AA808FB51CCF4438005679D7 /* UIProgressView+AFNetworking.m */,
				AA808FB61CCF4438005679D7 /* UIRefreshControl+AFNetworking.h */,
				AA808FB71CCF4438005679D7 /* UIRefreshControl+AFNetworking.m */,
				AA808FB81CCF4438005679D7 /* UIWebView+AFNetworking.h */,
				AA808FB91CCF4438005679D7 /* UIWebView+AFNetworking.m */,
			);
			path = "UIKit+AFNetworking";
			sourceTree = "<group>";
		};
		AA808FC91CCF4440005679D7 /* XYNetworking */ = {
			isa = PBXGroup;
			children = (
				AA808FCA1CCF4440005679D7 /* XYNetworking.h */,
				AA808FCB1CCF4440005679D7 /* XYNetworking.m */,
			);
			path = XYNetworking;
			sourceTree = "<group>";
		};
		AA808FD31CCF4654005679D7 /* DisplayPhoto */ = {
			isa = PBXGroup;
			children = (
				AA808FD41CCF4654005679D7 /* CTAssetsPickerController.h */,
				AA808FD51CCF4654005679D7 /* CTAssetsPickerController.m */,
				AA808FD61CCF4654005679D7 /* XY_BigPhotoViewController.h */,
				AA808FD71CCF4654005679D7 /* XY_BigPhotoViewController.m */,
				AA808FD81CCF4654005679D7 /* XY_DisplayPhotosView.h */,
				AA808FD91CCF4654005679D7 /* XY_DisplayPhotosView.m */,
				AA808FDA1CCF4654005679D7 /* XY_ImageScrollView.h */,
				AA808FDB1CCF4654005679D7 /* XY_ImageScrollView.m */,
			);
			path = DisplayPhoto;
			sourceTree = "<group>";
		};
		AA808FE31CCF6877005679D7 /* SDWebImage */ = {
			isa = PBXGroup;
			children = (
				AA808FE41CCF6877005679D7 /* NSData+ImageContentType.h */,
				AA808FE51CCF6877005679D7 /* NSData+ImageContentType.m */,
				AA808FE61CCF6877005679D7 /* SDImageCache.h */,
				AA808FE71CCF6877005679D7 /* SDImageCache.m */,
				AA808FE81CCF6877005679D7 /* SDWebImageCompat.h */,
				AA808FE91CCF6877005679D7 /* SDWebImageCompat.m */,
				AA808FEA1CCF6877005679D7 /* SDWebImageDecoder.h */,
				AA808FEB1CCF6877005679D7 /* SDWebImageDecoder.m */,
				AA808FEC1CCF6877005679D7 /* SDWebImageDownloader.h */,
				AA808FED1CCF6877005679D7 /* SDWebImageDownloader.m */,
				AA808FEE1CCF6877005679D7 /* SDWebImageDownloaderOperation.h */,
				AA808FEF1CCF6877005679D7 /* SDWebImageDownloaderOperation.m */,
				AA808FF01CCF6877005679D7 /* SDWebImageManager.h */,
				AA808FF11CCF6877005679D7 /* SDWebImageManager.m */,
				AA808FF21CCF6877005679D7 /* SDWebImageOperation.h */,
				AA808FF31CCF6877005679D7 /* SDWebImagePrefetcher.h */,
				AA808FF41CCF6877005679D7 /* SDWebImagePrefetcher.m */,
				AA808FF51CCF6877005679D7 /* UIButton+WebCache.h */,
				AA808FF61CCF6877005679D7 /* UIButton+WebCache.m */,
				AA808FF71CCF6877005679D7 /* UIImage+GIF.h */,
				AA808FF81CCF6877005679D7 /* UIImage+GIF.m */,
				AA808FF91CCF6877005679D7 /* UIImage+MultiFormat.h */,
				AA808FFA1CCF6877005679D7 /* UIImage+MultiFormat.m */,
				AA808FFB1CCF6877005679D7 /* UIImageView+HighlightedWebCache.h */,
				AA808FFC1CCF6877005679D7 /* UIImageView+HighlightedWebCache.m */,
				AA808FFD1CCF6877005679D7 /* UIImageView+WebCache.h */,
				AA808FFE1CCF6877005679D7 /* UIImageView+WebCache.m */,
				AA808FFF1CCF6877005679D7 /* UIView+WebCacheOperation.h */,
				AA8090001CCF6877005679D7 /* UIView+WebCacheOperation.m */,
			);
			path = SDWebImage;
			sourceTree = "<group>";
		};
/* End PBXGroup section */

/* Begin PBXNativeTarget section */
		AA808F601CCF42C6005679D7 /* 多图单张上传demo */ = {
			isa = PBXNativeTarget;
			buildConfigurationList = AA808F8E1CCF42C6005679D7 /* Build configuration list for PBXNativeTarget "多图单张上传demo" */;
			buildPhases = (
				AA808F5D1CCF42C6005679D7 /* Sources */,
				AA808F5E1CCF42C6005679D7 /* Frameworks */,
				AA808F5F1CCF42C6005679D7 /* Resources */,
			);
			buildRules = (
			);
			dependencies = (
			);
			name = "多图单张上传demo";
			productName = "多图单张上传demo";
			productReference = AA808F611CCF42C6005679D7 /* 多图单张上传demo.app */;
			productType = "com.apple.product-type.application";
		};
		AA808F791CCF42C6005679D7 /* 多图单张上传demoTests */ = {
			isa = PBXNativeTarget;
			buildConfigurationList = AA808F911CCF42C6005679D7 /* Build configuration list for PBXNativeTarget "多图单张上传demoTests" */;
			buildPhases = (
				AA808F761CCF42C6005679D7 /* Sources */,
				AA808F771CCF42C6005679D7 /* Frameworks */,
				AA808F781CCF42C6005679D7 /* Resources */,
			);
			buildRules = (
			);
			dependencies = (
				AA808F7C1CCF42C6005679D7 /* PBXTargetDependency */,
			);
			name = "多图单张上传demoTests";
			productName = "多图单张上传demoTests";
			productReference = AA808F7A1CCF42C6005679D7 /* 多图单张上传demoTests.xctest */;
			productType = "com.apple.product-type.bundle.unit-test";
		};
		AA808F841CCF42C6005679D7 /* 多图单张上传demoUITests */ = {
			isa = PBXNativeTarget;
			buildConfigurationList = AA808F941CCF42C6005679D7 /* Build configuration list for PBXNativeTarget "多图单张上传demoUITests" */;
			buildPhases = (
				AA808F811CCF42C6005679D7 /* Sources */,
				AA808F821CCF42C6005679D7 /* Frameworks */,
				AA808F831CCF42C6005679D7 /* Resources */,
			);
			buildRules = (
			);
			dependencies = (
				AA808F871CCF42C6005679D7 /* PBXTargetDependency */,
			);
			name = "多图单张上传demoUITests";
			productName = "多图单张上传demoUITests";
			productReference = AA808F851CCF42C6005679D7 /* 多图单张上传demoUITests.xctest */;
			productType = "com.apple.product-type.bundle.ui-testing";
		};
/* End PBXNativeTarget section */

/* Begin PBXProject section */
		AA808F591CCF42C6005679D7 /* Project object */ = {
			isa = PBXProject;
			attributes = {
				LastUpgradeCheck = 0720;
				ORGANIZATIONNAME = xiyang;
				TargetAttributes = {
					AA808F601CCF42C6005679D7 = {
						CreatedOnToolsVersion = 7.2;
					};
					AA808F791CCF42C6005679D7 = {
						CreatedOnToolsVersion = 7.2;
						TestTargetID = AA808F601CCF42C6005679D7;
					};
					AA808F841CCF42C6005679D7 = {
						CreatedOnToolsVersion = 7.2;
						TestTargetID = AA808F601CCF42C6005679D7;
					};
				};
			};
			buildConfigurationList = AA808F5C1CCF42C6005679D7 /* Build configuration list for PBXProject "多图单张上传demo" */;
			compatibilityVersion = "Xcode 3.2";
			developmentRegion = English;
			hasScannedForEncodings = 0;
			knownRegions = (
				en,
				Base,
			);
			mainGroup = AA808F581CCF42C6005679D7;
			productRefGroup = AA808F621CCF42C6005679D7 /* Products */;
			projectDirPath = "";
			projectRoot = "";
			targets = (
				AA808F601CCF42C6005679D7 /* 多图单张上传demo */,
				AA808F791CCF42C6005679D7 /* 多图单张上传demoTests */,
				AA808F841CCF42C6005679D7 /* 多图单张上传demoUITests */,
			);
		};
/* End PBXProject section */

/* Begin PBXResourcesBuildPhase section */
		AA808F5F1CCF42C6005679D7 /* Resources */ = {
			isa = PBXResourcesBuildPhase;
			buildActionMask = 2147483647;
			files = (
				AA808F741CCF42C6005679D7 /* LaunchScreen.storyboard in Resources */,
				AA808F711CCF42C6005679D7 /* Assets.xcassets in Resources */,
				AA808F6F1CCF42C6005679D7 /* Main.storyboard in Resources */,
			);
			runOnlyForDeploymentPostprocessing = 0;
		};
		AA808F781CCF42C6005679D7 /* Resources */ = {
			isa = PBXResourcesBuildPhase;
			buildActionMask = 2147483647;
			files = (
			);
			runOnlyForDeploymentPostprocessing = 0;
		};
		AA808F831CCF42C6005679D7 /* Resources */ = {
			isa = PBXResourcesBuildPhase;
			buildActionMask = 2147483647;
			files = (
			);
			runOnlyForDeploymentPostprocessing = 0;
		};
/* End PBXResourcesBuildPhase section */

/* Begin PBXSourcesBuildPhase section */
		AA808F5D1CCF42C6005679D7 /* Sources */ = {
			isa = PBXSourcesBuildPhase;
			buildActionMask = 2147483647;
			files = (
				AA8090041CCF6877005679D7 /* SDWebImageDecoder.m in Sources */,
				AA808FC61CCF4438005679D7 /* UIProgressView+AFNetworking.m in Sources */,
				AA8090071CCF6877005679D7 /* SDWebImageManager.m in Sources */,
				AA808FBF1CCF4438005679D7 /* AFURLSessionManager.m in Sources */,
				AA808FCC1CCF4440005679D7 /* XYNetworking.m in Sources */,
				AA808FC81CCF4438005679D7 /* UIWebView+AFNetworking.m in Sources */,
				AA8090031CCF6877005679D7 /* SDWebImageCompat.m in Sources */,
				AA8090061CCF6877005679D7 /* SDWebImageDownloaderOperation.m in Sources */,
				AA808FC51CCF4438005679D7 /* UIImageView+AFNetworking.m in Sources */,
				AA808F6C1CCF42C6005679D7 /* XY_ViewController.m in Sources */,
				AA808FC41CCF4438005679D7 /* UIButton+AFNetworking.m in Sources */,
				AA808F691CCF42C6005679D7 /* AppDelegate.m in Sources */,
				AA80900D1CCF6877005679D7 /* UIImageView+WebCache.m in Sources */,
				AA808FBB1CCF4438005679D7 /* AFNetworkReachabilityManager.m in Sources */,
				AA808FC71CCF4438005679D7 /* UIRefreshControl+AFNetworking.m in Sources */,
				AA808FE21CCF650E005679D7 /* XY_DisplayViewController.m in Sources */,
				AA808FDD1CCF4654005679D7 /* XY_BigPhotoViewController.m in Sources */,
				AA80900A1CCF6877005679D7 /* UIImage+GIF.m in Sources */,
				AA80900B1CCF6877005679D7 /* UIImage+MultiFormat.m in Sources */,
				AA80900C1CCF6877005679D7 /* UIImageView+HighlightedWebCache.m in Sources */,
				AA808FDE1CCF4654005679D7 /* XY_DisplayPhotosView.m in Sources */,
				AA8090081CCF6877005679D7 /* SDWebImagePrefetcher.m in Sources */,
				AA808F661CCF42C6005679D7 /* main.m in Sources */,
				AA808FC01CCF4438005679D7 /* AFAutoPurgingImageCache.m in Sources */,
				AA80900E1CCF6877005679D7 /* UIView+WebCacheOperation.m in Sources */,
				AA808FBC1CCF4438005679D7 /* AFSecurityPolicy.m in Sources */,
				AA808FDF1CCF4654005679D7 /* XY_ImageScrollView.m in Sources */,
				AA808FDC1CCF4654005679D7 /* CTAssetsPickerController.m in Sources */,
				AA808FBD1CCF4438005679D7 /* AFURLRequestSerialization.m in Sources */,
				AA8090051CCF6877005679D7 /* SDWebImageDownloader.m in Sources */,
				AA8090091CCF6877005679D7 /* UIButton+WebCache.m in Sources */,
				AA808FC21CCF4438005679D7 /* AFNetworkActivityIndicatorManager.m in Sources */,
				AA8090011CCF6877005679D7 /* NSData+ImageContentType.m in Sources */,
				AA808FBE1CCF4438005679D7 /* AFURLResponseSerialization.m in Sources */,
				AA808FBA1CCF4438005679D7 /* AFHTTPSessionManager.m in Sources */,
				AA8090021CCF6877005679D7 /* SDImageCache.m in Sources */,
				AA808FC11CCF4438005679D7 /* AFImageDownloader.m in Sources */,
				AA808FC31CCF4438005679D7 /* UIActivityIndicatorView+AFNetworking.m in Sources */,
			);
			runOnlyForDeploymentPostprocessing = 0;
		};
		AA808F761CCF42C6005679D7 /* Sources */ = {
			isa = PBXSourcesBuildPhase;
			buildActionMask = 2147483647;
			files = (
				AA808F7F1CCF42C6005679D7 /* ______demoTests.m in Sources */,
			);
			runOnlyForDeploymentPostprocessing = 0;
		};
		AA808F811CCF42C6005679D7 /* Sources */ = {
			isa = PBXSourcesBuildPhase;
			buildActionMask = 2147483647;
			files = (
				AA808F8A1CCF42C6005679D7 /* ______demoUITests.m in Sources */,
			);
			runOnlyForDeploymentPostprocessing = 0;
		};
/* End PBXSourcesBuildPhase section */

/* Begin PBXTargetDependency section */
		AA808F7C1CCF42C6005679D7 /* PBXTargetDependency */ = {
			isa = PBXTargetDependency;
			target = AA808F601CCF42C6005679D7 /* 多图单张上传demo */;
			targetProxy = AA808F7B1CCF42C6005679D7 /* PBXContainerItemProxy */;
		};
		AA808F871CCF42C6005679D7 /* PBXTargetDependency */ = {
			isa = PBXTargetDependency;
			target = AA808F601CCF42C6005679D7 /* 多图单张上传demo */;
			targetProxy = AA808F861CCF42C6005679D7 /* PBXContainerItemProxy */;
		};
/* End PBXTargetDependency section */

/* Begin PBXVariantGroup section */
		AA808F6D1CCF42C6005679D7 /* Main.storyboard */ = {
			isa = PBXVariantGroup;
			children = (
				AA808F6E1CCF42C6005679D7 /* Base */,
			);
			name = Main.storyboard;
			sourceTree = "<group>";
		};
		AA808F721CCF42C6005679D7 /* LaunchScreen.storyboard */ = {
			isa = PBXVariantGroup;
			children = (
				AA808F731CCF42C6005679D7 /* Base */,
			);
			name = LaunchScreen.storyboard;
			sourceTree = "<group>";
		};
/* End PBXVariantGroup section */

/* Begin XCBuildConfiguration section */
		AA808F8C1CCF42C6005679D7 /* Debug */ = {
			isa = XCBuildConfiguration;
			buildSettings = {
				ALWAYS_SEARCH_USER_PATHS = NO;
				CLANG_CXX_LANGUAGE_STANDARD = "gnu++0x";
				CLANG_CXX_LIBRARY = "libc++";
				CLANG_ENABLE_MODULES = YES;
				CLANG_ENABLE_OBJC_ARC = YES;
				CLANG_WARN_BOOL_CONVERSION = YES;
				CLANG_WARN_CONSTANT_CONVERSION = YES;
				CLANG_WARN_DIRECT_OBJC_ISA_USAGE = YES_ERROR;
				CLANG_WARN_EMPTY_BODY = YES;
				CLANG_WARN_ENUM_CONVERSION = YES;
				CLANG_WARN_INT_CONVERSION = YES;
				CLANG_WARN_OBJC_ROOT_CLASS = YES_ERROR;
				CLANG_WARN_UNREACHABLE_CODE = YES;
				CLANG_WARN__DUPLICATE_METHOD_MATCH = YES;
				"CODE_SIGN_IDENTITY[sdk=iphoneos*]" = "iPhone Developer";
				COPY_PHASE_STRIP = NO;
				DEBUG_INFORMATION_FORMAT = dwarf;
				ENABLE_STRICT_OBJC_MSGSEND = YES;
				ENABLE_TESTABILITY = YES;
				GCC_C_LANGUAGE_STANDARD = gnu99;
				GCC_DYNAMIC_NO_PIC = NO;
				GCC_NO_COMMON_BLOCKS = YES;
				GCC_OPTIMIZATION_LEVEL = 0;
				GCC_PREPROCESSOR_DEFINITIONS = (
					"DEBUG=1",
					"$(inherited)",
				);
				GCC_WARN_64_TO_32_BIT_CONVERSION = YES;
				GCC_WARN_ABOUT_RETURN_TYPE = YES_ERROR;
				GCC_WARN_UNDECLARED_SELECTOR = YES;
				GCC_WARN_UNINITIALIZED_AUTOS = YES_AGGRESSIVE;
				GCC_WARN_UNUSED_FUNCTION = YES;
				GCC_WARN_UNUSED_VARIABLE = YES;
				IPHONEOS_DEPLOYMENT_TARGET = 9.2;
				MTL_ENABLE_DEBUG_INFO = YES;
				ONLY_ACTIVE_ARCH = YES;
				SDKROOT = iphoneos;
				TARGETED_DEVICE_FAMILY = "1,2";
			};
			name = Debug;
		};
		AA808F8D1CCF42C6005679D7 /* Release */ = {
			isa = XCBuildConfiguration;
			buildSettings = {
				ALWAYS_SEARCH_USER_PATHS = NO;
				CLANG_CXX_LANGUAGE_STANDARD = "gnu++0x";
				CLANG_CXX_LIBRARY = "libc++";
				CLANG_ENABLE_MODULES = YES;
				CLANG_ENABLE_OBJC_ARC = YES;
				CLANG_WARN_BOOL_CONVERSION = YES;
				CLANG_WARN_CONSTANT_CONVERSION = YES;
				CLANG_WARN_DIRECT_OBJC_ISA_USAGE = YES_ERROR;
				CLANG_WARN_EMPTY_BODY = YES;
				CLANG_WARN_ENUM_CONVERSION = YES;
				CLANG_WARN_INT_CONVERSION = YES;
				CLANG_WARN_OBJC_ROOT_CLASS = YES_ERROR;
				CLANG_WARN_UNREACHABLE_CODE = YES;
				CLANG_WARN__DUPLICATE_METHOD_MATCH = YES;
				"CODE_SIGN_IDENTITY[sdk=iphoneos*]" = "iPhone Developer";
				COPY_PHASE_STRIP = NO;
				DEBUG_INFORMATION_FORMAT = "dwarf-with-dsym";
				ENABLE_NS_ASSERTIONS = NO;
				ENABLE_STRICT_OBJC_MSGSEND = YES;
				GCC_C_LANGUAGE_STANDARD = gnu99;
				GCC_NO_COMMON_BLOCKS = YES;
				GCC_WARN_64_TO_32_BIT_CONVERSION = YES;
				GCC_WARN_ABOUT_RETURN_TYPE = YES_ERROR;
				GCC_WARN_UNDECLARED_SELECTOR = YES;
				GCC_WARN_UNINITIALIZED_AUTOS = YES_AGGRESSIVE;
				GCC_WARN_UNUSED_FUNCTION = YES;
				GCC_WARN_UNUSED_VARIABLE = YES;
				IPHONEOS_DEPLOYMENT_TARGET = 9.2;
				MTL_ENABLE_DEBUG_INFO = NO;
				SDKROOT = iphoneos;
				TARGETED_DEVICE_FAMILY = "1,2";
				VALIDATE_PRODUCT = YES;
			};
			name = Release;
		};
		AA808F8F1CCF42C6005679D7 /* Debug */ = {
			isa = XCBuildConfiguration;
			buildSettings = {
				ASSETCATALOG_COMPILER_APPICON_NAME = AppIcon;
				INFOPLIST_FILE = "多图单张上传demo/Info.plist";
				LD_RUNPATH_SEARCH_PATHS = "$(inherited) @executable_path/Frameworks";
				PRODUCT_BUNDLE_IDENTIFIER = "com.nongji360.------demo";
				PRODUCT_NAME = "$(TARGET_NAME)";
			};
			name = Debug;
		};
		AA808F901CCF42C6005679D7 /* Release */ = {
			isa = XCBuildConfiguration;
			buildSettings = {
				ASSETCATALOG_COMPILER_APPICON_NAME = AppIcon;
				INFOPLIST_FILE = "多图单张上传demo/Info.plist";
				LD_RUNPATH_SEARCH_PATHS = "$(inherited) @executable_path/Frameworks";
				PRODUCT_BUNDLE_IDENTIFIER = "com.nongji360.------demo";
				PRODUCT_NAME = "$(TARGET_NAME)";
			};
			name = Release;
		};
		AA808F921CCF42C6005679D7 /* Debug */ = {
			isa = XCBuildConfiguration;
			buildSettings = {
				BUNDLE_LOADER = "$(TEST_HOST)";
				INFOPLIST_FILE = "多图单张上传demoTests/Info.plist";
				LD_RUNPATH_SEARCH_PATHS = "$(inherited) @executable_path/Frameworks @loader_path/Frameworks";
				PRODUCT_BUNDLE_IDENTIFIER = "com.nongji360.------demoTests";
				PRODUCT_NAME = "$(TARGET_NAME)";
				TEST_HOST = "$(BUILT_PRODUCTS_DIR)/多图单张上传demo.app/多图单张上传demo";
			};
			name = Debug;
		};
		AA808F931CCF42C6005679D7 /* Release */ = {
			isa = XCBuildConfiguration;
			buildSettings = {
				BUNDLE_LOADER = "$(TEST_HOST)";
				INFOPLIST_FILE = "多图单张上传demoTests/Info.plist";
				LD_RUNPATH_SEARCH_PATHS = "$(inherited) @executable_path/Frameworks @loader_path/Frameworks";
				PRODUCT_BUNDLE_IDENTIFIER = "com.nongji360.------demoTests";
				PRODUCT_NAME = "$(TARGET_NAME)";
				TEST_HOST = "$(BUILT_PRODUCTS_DIR)/多图单张上传demo.app/多图单张上传demo";
			};
			name = Release;
		};
		AA808F951CCF42C6005679D7 /* Debug */ = {
			isa = XCBuildConfiguration;
			buildSettings = {
				INFOPLIST_FILE = "多图单张上传demoUITests/Info.plist";
				LD_RUNPATH_SEARCH_PATHS = "$(inherited) @executable_path/Frameworks @loader_path/Frameworks";
				PRODUCT_BUNDLE_IDENTIFIER = "com.nongji360.------demoUITests";
				PRODUCT_NAME = "$(TARGET_NAME)";
				TEST_TARGET_NAME = "多图单张上传demo";
				USES_XCTRUNNER = YES;
			};
			name = Debug;
		};
		AA808F961CCF42C6005679D7 /* Release */ = {
			isa = XCBuildConfiguration;
			buildSettings = {
				INFOPLIST_FILE = "多图单张上传demoUITests/Info.plist";
				LD_RUNPATH_SEARCH_PATHS = "$(inherited) @executable_path/Frameworks @loader_path/Frameworks";
				PRODUCT_BUNDLE_IDENTIFIER = "com.nongji360.------demoUITests";
				PRODUCT_NAME = "$(TARGET_NAME)";
				TEST_TARGET_NAME = "多图单张上传demo";
				USES_XCTRUNNER = YES;
			};
			name = Release;
		};
/* End XCBuildConfiguration section */

/* Begin XCConfigurationList section */
		AA808F5C1CCF42C6005679D7 /* Build configuration list for PBXProject "多图单张上传demo" */ = {
			isa = XCConfigurationList;
			buildConfigurations = (
				AA808F8C1CCF42C6005679D7 /* Debug */,
				AA808F8D1CCF42C6005679D7 /* Release */,
			);
			defaultConfigurationIsVisible = 0;
			defaultConfigurationName = Release;
		};
		AA808F8E1CCF42C6005679D7 /* Build configuration list for PBXNativeTarget "多图单张上传demo" */ = {
			isa = XCConfigurationList;
			buildConfigurations = (
				AA808F8F1CCF42C6005679D7 /* Debug */,
				AA808F901CCF42C6005679D7 /* Release */,
			);
			defaultConfigurationIsVisible = 0;
		};
		AA808F911CCF42C6005679D7 /* Build configuration list for PBXNativeTarget "多图单张上传demoTests" */ = {
			isa = XCConfigurationList;
			buildConfigurations = (
				AA808F921CCF42C6005679D7 /* Debug */,
				AA808F931CCF42C6005679D7 /* Release */,
			);
			defaultConfigurationIsVisible = 0;
		};
		AA808F941CCF42C6005679D7 /* Build configuration list for PBXNativeTarget "多图单张上传demoUITests" */ = {
			isa = XCConfigurationList;
			buildConfigurations = (
				AA808F951CCF42C6005679D7 /* Debug */,
				AA808F961CCF42C6005679D7 /* Release */,
			);
			defaultConfigurationIsVisible = 0;
		};
/* End XCConfigurationList section */
	};
	rootObject = AA808F591CCF42C6005679D7 /* Project object */;
}
